
Microsoft Visual Studio Solution File, Format Version 12.00
# Visual Studio Version 17
VisualStudioVersion = 17.3.32929.385
MinimumVisualStudioVersion = 10.0.40219.1
Project("{8BC9CEB8-8B4A-11D0-8D11-00A0C91BC942}") = "bus numbers", "bus numbers\bus numbers.vcxproj", "{4D937BEE-B2A4-4C27-99F4-D277592CD98F}"
EndProject
Global
	GlobalSection(SolutionConfigurationPlatforms) = preSolution
		Debug|x64 = Debug|x64
		Debug|x86 = Debug|x86
		Release|x64 = Release|x64
		Release|x86 = Release|x86
	EndGlobalSection
	GlobalSection(ProjectConfigurationPlatforms) = postSolution
		{4D937BEE-B2A4-4C27-99F4-D277592CD98F}.Debug|x64.ActiveCfg = Debug|x64
		{4D937BEE-B2A4-4C27-99F4-D277592CD98F}.Debug|x64.Build.0 = Debug|x64
		{4D937BEE-B2A4-4C27-99F4-D277592CD98F}.Debug|x86.ActiveCfg = Debug|Win32
		{4D937BEE-B2A4-4C27-99F4-D277592CD98F}.Debug|x86.Build.0 = Debug|Win32
		{4D937BEE-B2A4-4C27-99F4-D277592CD98F}.Release|x64.ActiveCfg = Release|x64
		{4D937BEE-B2A4-4C27-99F4-D277592CD98F}.Release|x64.Build.0 = Release|x64
		{4D937BEE-B2A4-4C27-99F4-D277592CD98F}.Release|x86.ActiveCfg = Release|Win32
		{4D937BEE-B2A4-4C27-99F4-D277592CD98F}.Release|x86.Build.0 = Release|Win32
	EndGlobalSection
	GlobalSection(SolutionProperties) = preSolution
		HideSolutionNode = FALSE
	EndGlobalSection
	GlobalSection(ExtensibilityGlobals) = postSolution
		SolutionGuid = {2A0391C0-A41D-4731-90D7-D5C0B30CDC2F}
	EndGlobalSection
EndGlobal
